{
  "version": 4,
  "terraform_version": "1.11.0",
  "serial": 11,
  "lineage": "a99ba797-350d-0267-b61f-13435e993244",
  "outputs": {
    "app_hostname": {
      "value": "cmaz-7850b25e-mod6-app.azurewebsites.net",
      "type": "string"
    },
    "sql_server_fqdn": {
      "value": "cmaz-7850b25e-mod6-sql.database.windows.net",
      "type": "string"
    }
  },
  "resources": [
    {
      "mode": "data",
      "type": "azurerm_key_vault",
      "name": "main",
      "provider": "provider[\"registry.terraform.io/hashicorp/azurerm\"]",
      "instances": [
        {
          "schema_version": 0,
          "attributes": {
            "access_policy": [
              {
                "application_id": "",
                "certificate_permissions": [
                  "all"
                ],
                "key_permissions": [
                  "all"
                ],
                "object_id": "b9098026-dc12-432c-8bdc-9d1fa360bf98",
                "secret_permissions": [
                  "all",
                  "Purge"
                ],
                "storage_permissions": [
                  "all"
                ],
                "tenant_id": "b41b72d0-4e9f-4c26-8a69-f949f367c91d"
              }
            ],
            "enable_rbac_authorization": false,
            "enabled_for_deployment": true,
            "enabled_for_disk_encryption": false,
            "enabled_for_template_deployment": false,
            "id": "/subscriptions/3bb2627b-175c-4e4d-a42c-962c47d6b8c1/resourceGroups/cmaz-7850b25e-mod6-kv-rg/providers/Microsoft.KeyVault/vaults/cmaz-7850b25e-mod6-kv",
            "location": "centralus",
            "name": "cmaz-7850b25e-mod6-kv",
            "network_acls": [],
            "public_network_access_enabled": true,
            "purge_protection_enabled": false,
            "resource_group_name": "cmaz-7850b25e-mod6-kv-rg",
            "sku_name": "standard",
            "tags": {},
            "tenant_id": "b41b72d0-4e9f-4c26-8a69-f949f367c91d",
            "timeouts": null,
            "vault_uri": "https://cmaz-7850b25e-mod6-kv.vault.azure.net/"
          },
          "sensitive_attributes": []
        }
      ]
    },
    {
      "mode": "managed",
      "type": "azurerm_resource_group",
      "name": "main",
      "provider": "provider[\"registry.terraform.io/hashicorp/azurerm\"]",
      "instances": [
        {
          "schema_version": 0,
          "attributes": {
            "id": "/subscriptions/3bb2627b-175c-4e4d-a42c-962c47d6b8c1/resourceGroups/cmaz-7850b25e-mod6-rg",
            "location": "centralus",
            "managed_by": "",
            "name": "cmaz-7850b25e-mod6-rg",
            "tags": {
              "Creator": "bandari_shashank@epam.com"
            },
            "timeouts": null
          },
          "sensitive_attributes": [],
          "private": "eyJlMmJmYjczMC1lY2FhLTExZTYtOGY4OC0zNDM2M2JjN2M0YzAiOnsiY3JlYXRlIjo1NDAwMDAwMDAwMDAwLCJkZWxldGUiOjU0MDAwMDAwMDAwMDAsInJlYWQiOjMwMDAwMDAwMDAwMCwidXBkYXRlIjo1NDAwMDAwMDAwMDAwfX0="
        }
      ]
    },
    {
      "module": "module.sql",
      "mode": "managed",
      "type": "azurerm_sql_database",
      "name": "main",
      "provider": "provider[\"registry.terraform.io/hashicorp/azurerm\"]",
      "instances": [
        {
          "schema_version": 0,
          "attributes": {
            "collation": "SQL_Latin1_General_CP1_CI_AS",
            "create_mode": "Default",
            "creation_date": "2025-04-04T12:27:00.52Z",
            "default_secondary_location": "East US 2",
            "edition": "Standard",
            "elastic_pool_name": "",
            "encryption": "",
            "id": "/subscriptions/3bb2627b-175c-4e4d-a42c-962c47d6b8c1/resourceGroups/cmaz-7850b25e-mod6-rg/providers/Microsoft.Sql/servers/cmaz-7850b25e-mod6-sql/databases/cmaz-7850b25e-mod6-sql-db",
            "import": [],
            "location": "centralus",
            "max_size_bytes": "268435456000",
            "max_size_gb": null,
            "name": "cmaz-7850b25e-mod6-sql-db",
            "read_scale": false,
            "requested_service_objective_id": "455330e1-00cd-488b-b5fa-177c226f28b7",
            "requested_service_objective_name": "S2",
            "resource_group_name": "cmaz-7850b25e-mod6-rg",
            "restore_point_in_time": null,
            "server_name": "cmaz-7850b25e-mod6-sql",
            "source_database_deletion_date": null,
            "source_database_id": null,
            "tags": {
              "Creator": "bandari_shashank@epam.com"
            },
            "threat_detection_policy": [
              {
                "disabled_alerts": [],
                "email_account_admins": "Disabled",
                "email_addresses": [],
                "retention_days": 0,
                "state": "Disabled",
                "storage_account_access_key": "",
                "storage_endpoint": ""
              }
            ],
            "timeouts": null,
            "zone_redundant": false
          },
          "sensitive_attributes": [
            [
              {
                "type": "get_attr",
                "value": "threat_detection_policy"
              },
              {
                "type": "index",
                "value": {
                  "value": 0,
                  "type": "number"
                }
              },
              {
                "type": "get_attr",
                "value": "storage_account_access_key"
              }
            ]
          ],
          "private": "eyJlMmJmYjczMC1lY2FhLTExZTYtOGY4OC0zNDM2M2JjN2M0YzAiOnsiY3JlYXRlIjozNjAwMDAwMDAwMDAwLCJkZWxldGUiOjM2MDAwMDAwMDAwMDAsInJlYWQiOjMwMDAwMDAwMDAwMCwidXBkYXRlIjozNjAwMDAwMDAwMDAwfX0=",
          "dependencies": [
            "azurerm_resource_group.main",
            "module.sql.azurerm_sql_server.main",
            "module.sql.random_password.sql_admin_password"
          ]
        }
      ]
    },
    {
      "module": "module.sql",
      "mode": "managed",
      "type": "azurerm_sql_firewall_rule",
      "name": "allow_azure_services",
      "provider": "provider[\"registry.terraform.io/hashicorp/azurerm\"]",
      "instances": [
        {
          "schema_version": 0,
          "attributes": {
            "end_ip_address": "0.0.0.0",
            "id": "/subscriptions/3bb2627b-175c-4e4d-a42c-962c47d6b8c1/resourceGroups/cmaz-7850b25e-mod6-rg/providers/Microsoft.Sql/servers/cmaz-7850b25e-mod6-sql/firewallRules/AllowAzureServices",
            "name": "AllowAzureServices",
            "resource_group_name": "cmaz-7850b25e-mod6-rg",
            "server_name": "cmaz-7850b25e-mod6-sql",
            "start_ip_address": "0.0.0.0",
            "timeouts": null
          },
          "sensitive_attributes": [],
          "private": "eyJlMmJmYjczMC1lY2FhLTExZTYtOGY4OC0zNDM2M2JjN2M0YzAiOnsiY3JlYXRlIjoxODAwMDAwMDAwMDAwLCJkZWxldGUiOjE4MDAwMDAwMDAwMDAsInJlYWQiOjMwMDAwMDAwMDAwMCwidXBkYXRlIjoxODAwMDAwMDAwMDAwfX0=",
          "dependencies": [
            "azurerm_resource_group.main",
            "module.sql.azurerm_sql_server.main",
            "module.sql.random_password.sql_admin_password"
          ]
        }
      ]
    },
    {
      "module": "module.sql",
      "mode": "managed",
      "type": "azurerm_sql_firewall_rule",
      "name": "allow_verification_ip",
      "provider": "provider[\"registry.terraform.io/hashicorp/azurerm\"]",
      "instances": [
        {
          "schema_version": 0,
          "attributes": {
            "end_ip_address": "18.153.146.156",
            "id": "/subscriptions/3bb2627b-175c-4e4d-a42c-962c47d6b8c1/resourceGroups/cmaz-7850b25e-mod6-rg/providers/Microsoft.Sql/servers/cmaz-7850b25e-mod6-sql/firewallRules/allow-verification-ip",
            "name": "allow-verification-ip",
            "resource_group_name": "cmaz-7850b25e-mod6-rg",
            "server_name": "cmaz-7850b25e-mod6-sql",
            "start_ip_address": "18.153.146.156",
            "timeouts": null
          },
          "sensitive_attributes": [],
          "private": "eyJlMmJmYjczMC1lY2FhLTExZTYtOGY4OC0zNDM2M2JjN2M0YzAiOnsiY3JlYXRlIjoxODAwMDAwMDAwMDAwLCJkZWxldGUiOjE4MDAwMDAwMDAwMDAsInJlYWQiOjMwMDAwMDAwMDAwMCwidXBkYXRlIjoxODAwMDAwMDAwMDAwfX0=",
          "dependencies": [
            "azurerm_resource_group.main",
            "module.sql.azurerm_sql_server.main",
            "module.sql.random_password.sql_admin_password"
          ]
        }
      ]
    },
    {
      "module": "module.sql",
      "mode": "managed",
      "type": "azurerm_sql_server",
      "name": "main",
      "provider": "provider[\"registry.terraform.io/hashicorp/azurerm\"]",
      "instances": [
        {
          "schema_version": 0,
          "attributes": {
            "administrator_login": "sql-admin-user",
            "administrator_login_password": "S{gqHLioSpINuv=E",
            "connection_policy": "Default",
            "fully_qualified_domain_name": "cmaz-7850b25e-mod6-sql.database.windows.net",
            "id": "/subscriptions/3bb2627b-175c-4e4d-a42c-962c47d6b8c1/resourceGroups/cmaz-7850b25e-mod6-rg/providers/Microsoft.Sql/servers/cmaz-7850b25e-mod6-sql",
            "identity": [],
            "location": "centralus",
            "name": "cmaz-7850b25e-mod6-sql",
            "resource_group_name": "cmaz-7850b25e-mod6-rg",
            "tags": {
              "Creator": "bandari_shashank@epam.com"
            },
            "threat_detection_policy": [
              {
                "disabled_alerts": [
                  ""
                ],
                "email_account_admins": false,
                "email_addresses": [
                  ""
                ],
                "retention_days": 0,
                "state": "Disabled",
                "storage_account_access_key": "",
                "storage_endpoint": ""
              }
            ],
            "timeouts": null,
            "version": "12.0"
          },
          "sensitive_attributes": [
            [
              {
                "type": "get_attr",
                "value": "administrator_login_password"
              }
            ],
            [
              {
                "type": "get_attr",
                "value": "threat_detection_policy"
              },
              {
                "type": "index",
                "value": {
                  "value": 0,
                  "type": "number"
                }
              },
              {
                "type": "get_attr",
                "value": "storage_account_access_key"
              }
            ]
          ],
          "private": "eyJlMmJmYjczMC1lY2FhLTExZTYtOGY4OC0zNDM2M2JjN2M0YzAiOnsiY3JlYXRlIjozNjAwMDAwMDAwMDAwLCJkZWxldGUiOjM2MDAwMDAwMDAwMDAsInJlYWQiOjMwMDAwMDAwMDAwMCwidXBkYXRlIjozNjAwMDAwMDAwMDAwfX0=",
          "dependencies": [
            "azurerm_resource_group.main",
            "module.sql.random_password.sql_admin_password"
          ]
        }
      ]
    },
    {
      "module": "module.sql",
      "mode": "managed",
      "type": "random_password",
      "name": "sql_admin_password",
      "provider": "provider[\"registry.terraform.io/hashicorp/random\"]",
      "instances": [
        {
          "schema_version": 3,
          "attributes": {
            "bcrypt_hash": "$2a$10$TfCOoiIRALlXeFXAvntlYOOLX6F083Mhfc9IsvbXn6foGdSJqP6Rq",
            "id": "none",
            "keepers": null,
            "length": 16,
            "lower": true,
            "min_lower": 0,
            "min_numeric": 0,
            "min_special": 0,
            "min_upper": 0,
            "number": true,
            "numeric": true,
            "override_special": null,
            "result": "S{gqHLioSpINuv=E",
            "special": true,
            "upper": true
          },
          "sensitive_attributes": [
            [
              {
                "type": "get_attr",
                "value": "result"
              }
            ],
            [
              {
                "type": "get_attr",
                "value": "bcrypt_hash"
              }
            ]
          ]
        }
      ]
    },
    {
      "module": "module.webapp",
      "mode": "managed",
      "type": "azurerm_app_service_plan",
      "name": "main",
      "provider": "provider[\"registry.terraform.io/hashicorp/azurerm\"]",
      "instances": [
        {
          "schema_version": 1,
          "attributes": {
            "app_service_environment_id": "",
            "id": "/subscriptions/3bb2627b-175c-4e4d-a42c-962c47d6b8c1/resourceGroups/cmaz-7850b25e-mod6-rg/providers/Microsoft.Web/serverFarms/cmaz-7850b25e-mod6-asp",
            "is_xenon": false,
            "kind": "linux",
            "location": "centralus",
            "maximum_elastic_worker_count": 1,
            "maximum_number_of_workers": 30,
            "name": "cmaz-7850b25e-mod6-asp",
            "per_site_scaling": false,
            "reserved": true,
            "resource_group_name": "cmaz-7850b25e-mod6-rg",
            "sku": [
              {
                "capacity": 1,
                "size": "P0v3",
                "tier": "Premium0V3"
              }
            ],
            "tags": {
              "Creator": "bandari_shashank@epam.com"
            },
            "timeouts": null,
            "zone_redundant": false
          },
          "sensitive_attributes": [],
          "private": "eyJlMmJmYjczMC1lY2FhLTExZTYtOGY4OC0zNDM2M2JjN2M0YzAiOnsiY3JlYXRlIjozNjAwMDAwMDAwMDAwLCJkZWxldGUiOjM2MDAwMDAwMDAwMDAsInJlYWQiOjMwMDAwMDAwMDAwMCwidXBkYXRlIjozNjAwMDAwMDAwMDAwfSwic2NoZW1hX3ZlcnNpb24iOiIxIn0=",
          "dependencies": [
            "azurerm_resource_group.main"
          ]
        }
      ]
    },
    {
      "module": "module.webapp",
      "mode": "managed",
      "type": "azurerm_linux_web_app",
      "name": "main",
      "provider": "provider[\"registry.terraform.io/hashicorp/azurerm\"]",
      "instances": [
        {
          "schema_version": 1,
          "attributes": {
            "app_settings": {
              "WEBSITE_RUN_FROM_PACKAGE": "1"
            },
            "auth_settings": [],
            "auth_settings_v2": [],
            "backup": [],
            "client_affinity_enabled": false,
            "client_certificate_enabled": false,
            "client_certificate_exclusion_paths": "",
            "client_certificate_mode": "Required",
            "connection_string": [
              {
                "name": "DatabaseConnectionString",
                "type": "SQLAzure",
                "value": "Server=tcp:cmaz-7850b25e-mod6-sql.database.windows.net;Initial Catalog=cmaz-7850b25e-mod6-sql-db;Persist Security Info=False;User ID=sql-admin-user;Password=S{gqHLioSpINuv=E;MultipleActiveResultSets=False;Encrypt=True;TrustServerCertificate=False;Connection Timeout=30;"
              }
            ],
            "custom_domain_verification_id": "C30B8C8941FAE1D2C7D3FD61820F4D3DBD8108FDE1E727829A650E33B889A0F8",
            "default_hostname": "cmaz-7850b25e-mod6-app.azurewebsites.net",
            "enabled": true,
            "ftp_publish_basic_authentication_enabled": true,
            "hosting_environment_id": "",
            "https_only": false,
            "id": "/subscriptions/3bb2627b-175c-4e4d-a42c-962c47d6b8c1/resourceGroups/cmaz-7850b25e-mod6-rg/providers/Microsoft.Web/sites/cmaz-7850b25e-mod6-app",
            "identity": [],
            "key_vault_reference_identity_id": "SystemAssigned",
            "kind": "app,linux",
            "location": "centralus",
            "logs": [],
            "name": "cmaz-7850b25e-mod6-app",
            "outbound_ip_address_list": [
              "20.40.243.139",
              "20.40.243.141",
              "20.40.243.147",
              "20.40.243.153",
              "20.40.243.154",
              "20.40.243.157",
              "104.43.221.31"
            ],
            "outbound_ip_addresses": "20.40.243.139,20.40.243.141,20.40.243.147,20.40.243.153,20.40.243.154,20.40.243.157,104.43.221.31",
            "possible_outbound_ip_address_list": [
              "168.61.176.197",
              "168.61.180.130",
              "168.61.179.122",
              "168.61.183.125",
              "23.99.137.66",
              "168.61.182.69",
              "168.61.182.107",
              "168.61.180.149",
              "23.99.159.228",
              "20.40.243.139",
              "20.40.243.141",
              "20.40.243.147",
              "20.40.243.153",
              "20.40.243.154",
              "20.40.243.157",
              "20.221.93.17",
              "20.221.95.1",
              "20.221.95.2",
              "20.221.95.8",
              "20.221.95.194",
              "20.221.95.206",
              "104.43.221.31"
            ],
            "possible_outbound_ip_addresses": "168.61.176.197,168.61.180.130,168.61.179.122,168.61.183.125,23.99.137.66,168.61.182.69,168.61.182.107,168.61.180.149,23.99.159.228,20.40.243.139,20.40.243.141,20.40.243.147,20.40.243.153,20.40.243.154,20.40.243.157,20.221.93.17,20.221.95.1,20.221.95.2,20.221.95.8,20.221.95.194,20.221.95.206,104.43.221.31",
            "public_network_access_enabled": true,
            "resource_group_name": "cmaz-7850b25e-mod6-rg",
            "service_plan_id": "/subscriptions/3bb2627b-175c-4e4d-a42c-962c47d6b8c1/resourceGroups/cmaz-7850b25e-mod6-rg/providers/Microsoft.Web/serverFarms/cmaz-7850b25e-mod6-asp",
            "site_config": [
              {
                "always_on": true,
                "api_definition_url": "",
                "api_management_api_id": "",
                "app_command_line": "",
                "application_stack": [
                  {
                    "docker_image": "",
                    "docker_image_name": "",
                    "docker_image_tag": "",
                    "docker_registry_password": "",
                    "docker_registry_url": "",
                    "docker_registry_username": "",
                    "dotnet_version": "",
                    "go_version": "",
                    "java_server": "",
                    "java_server_version": "",
                    "java_version": "",
                    "node_version": "",
                    "php_version": "",
                    "python_version": "",
                    "ruby_version": ""
                  }
                ],
                "auto_heal_enabled": false,
                "auto_heal_setting": [],
                "container_registry_managed_identity_client_id": "",
                "container_registry_use_managed_identity": false,
                "cors": [],
                "default_documents": [
                  "Default.htm",
                  "Default.html",
                  "Default.asp",
                  "index.htm",
                  "index.html",
                  "iisstart.htm",
                  "default.aspx",
                  "index.php",
                  "hostingstart.html"
                ],
                "detailed_error_logging_enabled": false,
                "ftps_state": "Disabled",
                "health_check_eviction_time_in_min": 0,
                "health_check_path": "",
                "http2_enabled": false,
                "ip_restriction": [],
                "ip_restriction_default_action": "Allow",
                "linux_fx_version": "",
                "load_balancing_mode": "LeastRequests",
                "local_mysql_enabled": false,
                "managed_pipeline_mode": "Integrated",
                "minimum_tls_version": "1.2",
                "remote_debugging_enabled": false,
                "remote_debugging_version": "VS2022",
                "scm_ip_restriction": [],
                "scm_ip_restriction_default_action": "Allow",
                "scm_minimum_tls_version": "1.2",
                "scm_type": "None",
                "scm_use_main_ip_restriction": false,
                "use_32_bit_worker": true,
                "vnet_route_all_enabled": false,
                "websockets_enabled": false,
                "worker_count": 1
              }
            ],
            "site_credential": [
              {
                "name": "$cmaz-7850b25e-mod6-app",
                "password": "kGTggZPBLx696QWoZwnmrGMQXgoqJYEKke9MKPPq6kCheMviPg373R2Bwd3Q"
              }
            ],
            "sticky_settings": [],
            "storage_account": [],
            "tags": {
              "Creator": "bandari_shashank@epam.com"
            },
            "timeouts": null,
            "virtual_network_subnet_id": "",
            "webdeploy_publish_basic_authentication_enabled": true,
            "zip_deploy_file": ""
          },
          "sensitive_attributes": [
            [
              {
                "type": "get_attr",
                "value": "custom_domain_verification_id"
              }
            ],
            [
              {
                "type": "get_attr",
                "value": "site_config"
              },
              {
                "type": "index",
                "value": {
                  "value": 0,
                  "type": "number"
                }
              },
              {
                "type": "get_attr",
                "value": "application_stack"
              },
              {
                "type": "index",
                "value": {
                  "value": 0,
                  "type": "number"
                }
              },
              {
                "type": "get_attr",
                "value": "docker_registry_password"
              }
            ],
            [
              {
                "type": "get_attr",
                "value": "site_credential"
              }
            ],
            [
              {
                "type": "get_attr",
                "value": "connection_string"
              }
            ]
          ],
          "private": "eyJlMmJmYjczMC1lY2FhLTExZTYtOGY4OC0zNDM2M2JjN2M0YzAiOnsiY3JlYXRlIjoxODAwMDAwMDAwMDAwLCJkZWxldGUiOjE4MDAwMDAwMDAwMDAsInJlYWQiOjMwMDAwMDAwMDAwMCwidXBkYXRlIjoxODAwMDAwMDAwMDAwfSwic2NoZW1hX3ZlcnNpb24iOiIxIn0=",
          "dependencies": [
            "azurerm_resource_group.main",
            "module.sql.azurerm_sql_database.main",
            "module.sql.azurerm_sql_server.main",
            "module.sql.random_password.sql_admin_password",
            "module.webapp.azurerm_app_service_plan.main"
          ]
        }
      ]
    }
  ],
  "check_results": null
}
